
Microsoft Visual Studio Solution File, Format Version 12.00
# Visual Studio Version 16
VisualStudioVersion = 16.0.31624.102
MinimumVisualStudioVersion = 10.0.40219.1
Project("{9A19103F-16F7-4668-BE54-9A1E7A4F7556}") = "Ticaret.WebAPI", "Ticaret.WebAPI\Ticaret.WebAPI.csproj", "{69B265E5-63BC-4544-994A-11CA83A70F22}"
EndProject
Project("{FAE04EC0-301F-11D3-BF4B-00C04F79EFBC}") = "Ticaret.Data", "Ticaret.Data\Ticaret.Data.csproj", "{6C94A14E-7D70-4CF7-B911-F5951B5E5121}"
EndProject
Global
	GlobalSection(SolutionConfigurationPlatforms) = preSolution
		Debug|Any CPU = Debug|Any CPU
		Release|Any CPU = Release|Any CPU
	EndGlobalSection
	GlobalSection(ProjectConfigurationPlatforms) = postSolution
		{69B265E5-63BC-4544-994A-11CA83A70F22}.Debug|Any CPU.ActiveCfg = Debug|Any CPU
		{69B265E5-63BC-4544-994A-11CA83A70F22}.Debug|Any CPU.Build.0 = Debug|Any CPU
		{69B265E5-63BC-4544-994A-11CA83A70F22}.Release|Any CPU.ActiveCfg = Release|Any CPU
		{69B265E5-63BC-4544-994A-11CA83A70F22}.Release|Any CPU.Build.0 = Release|Any CPU
		{6C94A14E-7D70-4CF7-B911-F5951B5E5121}.Debug|Any CPU.ActiveCfg = Debug|Any CPU
		{6C94A14E-7D70-4CF7-B911-F5951B5E5121}.Debug|Any CPU.Build.0 = Debug|Any CPU
		{6C94A14E-7D70-4CF7-B911-F5951B5E5121}.Release|Any CPU.ActiveCfg = Release|Any CPU
		{6C94A14E-7D70-4CF7-B911-F5951B5E5121}.Release|Any CPU.Build.0 = Release|Any CPU
	EndGlobalSection
	GlobalSection(SolutionProperties) = preSolution
		HideSolutionNode = FALSE
	EndGlobalSection
	GlobalSection(ExtensibilityGlobals) = postSolution
		SolutionGuid = {9DD22F33-DF7E-4354-A779-FE32BEC63299}
	EndGlobalSection
EndGlobal
